
Microsoft Visual Studio Solution File, Format Version 12.00
# Visual Studio 2012
Project("{FAE04EC0-301F-11D3-BF4B-00C04F79EFBC}") = "Integral.BoardDnD.Web", "Integral.BoardDnD.Web\Integral.BoardDnD.Web.csproj", "{ACDBDBCD-FEA7-42D1-B0D9-4DEE09B7562F}"
EndProject
Project("{FAE04EC0-301F-11D3-BF4B-00C04F79EFBC}") = "Integral.BoardDnD.Service", "Integral.BoardDnD.Service\Integral.BoardDnD.Service.csproj", "{0B9E2DF4-D691-4297-9421-2BE6B28E4529}"
EndProject
Project("{FAE04EC0-301F-11D3-BF4B-00C04F79EFBC}") = "Integral.BoardDnD.Entity", "Integral.BoardDnD.Entity\Integral.BoardDnD.Entity.csproj", "{085A8B9B-34FF-4D31-82CB-A8BB8A094D5D}"
EndProject
Project("{FAE04EC0-301F-11D3-BF4B-00C04F79EFBC}") = "Integral.BoardDnd.Service.Test", "Integral.BoardDnd.Service.Test\Integral.BoardDnd.Service.Test.csproj", "{13CD470C-BE1B-4AAB-A707-02CF1108600C}"
EndProject
Global
	GlobalSection(SolutionConfigurationPlatforms) = preSolution
		Debug|Any CPU = Debug|Any CPU
		Release|Any CPU = Release|Any CPU
	EndGlobalSection
	GlobalSection(ProjectConfigurationPlatforms) = postSolution
		{ACDBDBCD-FEA7-42D1-B0D9-4DEE09B7562F}.Debug|Any CPU.ActiveCfg = Debug|Any CPU
		{ACDBDBCD-FEA7-42D1-B0D9-4DEE09B7562F}.Debug|Any CPU.Build.0 = Debug|Any CPU
		{ACDBDBCD-FEA7-42D1-B0D9-4DEE09B7562F}.Release|Any CPU.ActiveCfg = Release|Any CPU
		{ACDBDBCD-FEA7-42D1-B0D9-4DEE09B7562F}.Release|Any CPU.Build.0 = Release|Any CPU
		{0B9E2DF4-D691-4297-9421-2BE6B28E4529}.Debug|Any CPU.ActiveCfg = Debug|Any CPU
		{0B9E2DF4-D691-4297-9421-2BE6B28E4529}.Debug|Any CPU.Build.0 = Debug|Any CPU
		{0B9E2DF4-D691-4297-9421-2BE6B28E4529}.Release|Any CPU.ActiveCfg = Release|Any CPU
		{0B9E2DF4-D691-4297-9421-2BE6B28E4529}.Release|Any CPU.Build.0 = Release|Any CPU
		{085A8B9B-34FF-4D31-82CB-A8BB8A094D5D}.Debug|Any CPU.ActiveCfg = Debug|Any CPU
		{085A8B9B-34FF-4D31-82CB-A8BB8A094D5D}.Debug|Any CPU.Build.0 = Debug|Any CPU
		{085A8B9B-34FF-4D31-82CB-A8BB8A094D5D}.Release|Any CPU.ActiveCfg = Release|Any CPU
		{085A8B9B-34FF-4D31-82CB-A8BB8A094D5D}.Release|Any CPU.Build.0 = Release|Any CPU
		{13CD470C-BE1B-4AAB-A707-02CF1108600C}.Debug|Any CPU.ActiveCfg = Debug|Any CPU
		{13CD470C-BE1B-4AAB-A707-02CF1108600C}.Debug|Any CPU.Build.0 = Debug|Any CPU
		{13CD470C-BE1B-4AAB-A707-02CF1108600C}.Release|Any CPU.ActiveCfg = Release|Any CPU
		{13CD470C-BE1B-4AAB-A707-02CF1108600C}.Release|Any CPU.Build.0 = Release|Any CPU
	EndGlobalSection
	GlobalSection(SolutionProperties) = preSolution
		HideSolutionNode = FALSE
	EndGlobalSection
EndGlobal
